
Microsoft Visual Studio Solution File, Format Version 12.00
# Visual Studio Version 17
VisualStudioVersion = 17.3.32825.248
MinimumVisualStudioVersion = 10.0.40219.1
Project("{FAE04EC0-301F-11D3-BF4B-00C04F79EFBC}") = "Week6StringsAndArrays", "Week6StringsAndArrays\Week6StringsAndArrays.csproj", "{C2ACEE79-BC0E-4614-900C-F5D2F52409D7}"
EndProject
Project("{FAE04EC0-301F-11D3-BF4B-00C04F79EFBC}") = "Arrays", "Arrays\Arrays.csproj", "{F9CAEA2A-89D1-4136-BFA6-236E8131E34A}"
EndProject
Project("{FAE04EC0-301F-11D3-BF4B-00C04F79EFBC}") = "NumberArrays", "NumberArrays\NumberArrays.csproj", "{05F506AD-84EF-4846-9182-AFBC8A194E0E}"
EndProject
Project("{FAE04EC0-301F-11D3-BF4B-00C04F79EFBC}") = "RandomElement", "RandomElement\RandomElement.csproj", "{ACC07C22-E4B1-4A57-8718-FA4454CAFDD3}"
EndProject
Global
	GlobalSection(SolutionConfigurationPlatforms) = preSolution
		Debug|Any CPU = Debug|Any CPU
		Release|Any CPU = Release|Any CPU
	EndGlobalSection
	GlobalSection(ProjectConfigurationPlatforms) = postSolution
		{C2ACEE79-BC0E-4614-900C-F5D2F52409D7}.Debug|Any CPU.ActiveCfg = Debug|Any CPU
		{C2ACEE79-BC0E-4614-900C-F5D2F52409D7}.Debug|Any CPU.Build.0 = Debug|Any CPU
		{C2ACEE79-BC0E-4614-900C-F5D2F52409D7}.Release|Any CPU.ActiveCfg = Release|Any CPU
		{C2ACEE79-BC0E-4614-900C-F5D2F52409D7}.Release|Any CPU.Build.0 = Release|Any CPU
		{F9CAEA2A-89D1-4136-BFA6-236E8131E34A}.Debug|Any CPU.ActiveCfg = Debug|Any CPU
		{F9CAEA2A-89D1-4136-BFA6-236E8131E34A}.Debug|Any CPU.Build.0 = Debug|Any CPU
		{F9CAEA2A-89D1-4136-BFA6-236E8131E34A}.Release|Any CPU.ActiveCfg = Release|Any CPU
		{F9CAEA2A-89D1-4136-BFA6-236E8131E34A}.Release|Any CPU.Build.0 = Release|Any CPU
		{05F506AD-84EF-4846-9182-AFBC8A194E0E}.Debug|Any CPU.ActiveCfg = Debug|Any CPU
		{05F506AD-84EF-4846-9182-AFBC8A194E0E}.Debug|Any CPU.Build.0 = Debug|Any CPU
		{05F506AD-84EF-4846-9182-AFBC8A194E0E}.Release|Any CPU.ActiveCfg = Release|Any CPU
		{05F506AD-84EF-4846-9182-AFBC8A194E0E}.Release|Any CPU.Build.0 = Release|Any CPU
		{ACC07C22-E4B1-4A57-8718-FA4454CAFDD3}.Debug|Any CPU.ActiveCfg = Debug|Any CPU
		{ACC07C22-E4B1-4A57-8718-FA4454CAFDD3}.Debug|Any CPU.Build.0 = Debug|Any CPU
		{ACC07C22-E4B1-4A57-8718-FA4454CAFDD3}.Release|Any CPU.ActiveCfg = Release|Any CPU
		{ACC07C22-E4B1-4A57-8718-FA4454CAFDD3}.Release|Any CPU.Build.0 = Release|Any CPU
	EndGlobalSection
	GlobalSection(SolutionProperties) = preSolution
		HideSolutionNode = FALSE
	EndGlobalSection
	GlobalSection(ExtensibilityGlobals) = postSolution
		SolutionGuid = {CC850463-F3E2-4238-B7E2-C690E9EAC747}
	EndGlobalSection
EndGlobal
